
Microsoft Visual Studio Solution File, Format Version 12.00
# Visual Studio Version 16
VisualStudioVersion = 16.0.30330.147
MinimumVisualStudioVersion = 10.0.40219.1
Project("{8BC9CEB8-8B4A-11D0-8D11-00A0C91BC942}") = "CPlusPlus-VisitingCardBinderCompanyIndex", "CPlusPlus-VisitingCardBinderCompanyIndex.vcxproj", "{89B5CC59-86E1-472A-B36F-0712A40EAC45}"
EndProject
Global
	GlobalSection(SolutionConfigurationPlatforms) = preSolution
		Debug|x64 = Debug|x64
		Debug|x86 = Debug|x86
		Release|x64 = Release|x64
		Release|x86 = Release|x86
	EndGlobalSection
	GlobalSection(ProjectConfigurationPlatforms) = postSolution
		{89B5CC59-86E1-472A-B36F-0712A40EAC45}.Debug|x64.ActiveCfg = Debug|x64
		{89B5CC59-86E1-472A-B36F-0712A40EAC45}.Debug|x64.Build.0 = Debug|x64
		{89B5CC59-86E1-472A-B36F-0712A40EAC45}.Debug|x86.ActiveCfg = Debug|Win32
		{89B5CC59-86E1-472A-B36F-0712A40EAC45}.Debug|x86.Build.0 = Debug|Win32
		{89B5CC59-86E1-472A-B36F-0712A40EAC45}.Release|x64.ActiveCfg = Release|x64
		{89B5CC59-86E1-472A-B36F-0712A40EAC45}.Release|x64.Build.0 = Release|x64
		{89B5CC59-86E1-472A-B36F-0712A40EAC45}.Release|x86.ActiveCfg = Release|Win32
		{89B5CC59-86E1-472A-B36F-0712A40EAC45}.Release|x86.Build.0 = Release|Win32
	EndGlobalSection
	GlobalSection(SolutionProperties) = preSolution
		HideSolutionNode = FALSE
	EndGlobalSection
	GlobalSection(ExtensibilityGlobals) = postSolution
		SolutionGuid = {65F2C810-AB22-49D1-BD47-9BDF18EF7550}
	EndGlobalSection
EndGlobal
